// !$*UTF8*$!
{
	archiveVersion = 1;
	classes = {
	};
	objectVersion = 50;
	objects = {

/* Begin PBXBuildFile section */
		AA8D20E322B1CE48005AAAC6 /* AppDelegate.swift in Sources */ = {isa = PBXBuildFile; fileRef = AA8D20E222B1CE48005AAAC6 /* AppDelegate.swift */; };
		AA8D20E522B1CE48005AAAC6 /* ViewController.swift in Sources */ = {isa = PBXBuildFile; fileRef = AA8D20E422B1CE48005AAAC6 /* ViewController.swift */; };
		AA8D20E822B1CE48005AAAC6 /* Main.storyboard in Resources */ = {isa = PBXBuildFile; fileRef = AA8D20E622B1CE48005AAAC6 /* Main.storyboard */; };
		AA8D20EA22B1CE49005AAAC6 /* Assets.xcassets in Resources */ = {isa = PBXBuildFile; fileRef = AA8D20E922B1CE49005AAAC6 /* Assets.xcassets */; };
		AA8D20ED22B1CE49005AAAC6 /* LaunchScreen.storyboard in Resources */ = {isa = PBXBuildFile; fileRef = AA8D20EB22B1CE49005AAAC6 /* LaunchScreen.storyboard */; };
		AA8D20F822B1CE49005AAAC6 /* iosAppTests.swift in Sources */ = {isa = PBXBuildFile; fileRef = AA8D20F722B1CE49005AAAC6 /* iosAppTests.swift */; };
		AA8D210322B1CE49005AAAC6 /* iosAppUITests.swift in Sources */ = {isa = PBXBuildFile; fileRef = AA8D210222B1CE49005AAAC6 /* iosAppUITests.swift */; };
		AA8D211122B1D243005AAAC6 /* SharedCode.framework in Frameworks */ = {isa = PBXBuildFile; fileRef = AA8D211022B1D243005AAAC6 /* SharedCode.framework */; };
		AA8D211222B1D243005AAAC6 /* SharedCode.framework in Embed Frameworks */ = {isa = PBXBuildFile; fileRef = AA8D211022B1D243005AAAC6 /* SharedCode.framework */; settings = {ATTRIBUTES = (CodeSignOnCopy, RemoveHeadersOnCopy, ); }; };
/* End PBXBuildFile section */

/* Begin PBXContainerItemProxy section */
		AA8D20F422B1CE49005AAAC6 /* PBXContainerItemProxy */ = {
			isa = PBXContainerItemProxy;
			containerPortal = AA8D20D722B1CE48005AAAC6 /* Project object */;
			proxyType = 1;
			remoteGlobalIDString = AA8D20DE22B1CE48005AAAC6;
			remoteInfo = iosApp;
		};
		AA8D20FF22B1CE49005AAAC6 /* PBXContainerItemProxy */ = {
			isa = PBXContainerItemProxy;
			containerPortal = AA8D20D722B1CE48005AAAC6 /* Project object */;
			proxyType = 1;
			remoteGlobalIDString = AA8D20DE22B1CE48005AAAC6;
			remoteInfo = iosApp;
		};
/* End PBXContainerItemProxy section */

/* Begin PBXCopyFilesBuildPhase section */
		AA8D211322B1D243005AAAC6 /* Embed Frameworks */ = {
			isa = PBXCopyFilesBuildPhase;
			buildActionMask = 2147483647;
			dstPath = "";
			dstSubfolderSpec = 10;
			files = (
				AA8D211222B1D243005AAAC6 /* SharedCode.framework in Embed Frameworks */,
			);
			name = "Embed Frameworks";
			runOnlyForDeploymentPostprocessing = 0;
		};
/* End PBXCopyFilesBuildPhase section */

/* Begin PBXFileReference section */
		AA8D20DF22B1CE48005AAAC6 /* iosApp.app */ = {isa = PBXFileReference; explicitFileType = wrapper.application; includeInIndex = 0; path = iosApp.app; sourceTree = BUILT_PRODUCTS_DIR; };
		AA8D20E222B1CE48005AAAC6 /* AppDelegate.swift */ = {isa = PBXFileReference; lastKnownFileType = sourcecode.swift; path = AppDelegate.swift; sourceTree = "<group>"; };
		AA8D20E422B1CE48005AAAC6 /* ViewController.swift */ = {isa = PBXFileReference; lastKnownFileType = sourcecode.swift; path = ViewController.swift; sourceTree = "<group>"; };
		AA8D20E722B1CE48005AAAC6 /* Base */ = {isa = PBXFileReference; lastKnownFileType = file.storyboard; name = Base; path = Base.lproj/Main.storyboard; sourceTree = "<group>"; };
		AA8D20E922B1CE49005AAAC6 /* Assets.xcassets */ = {isa = PBXFileReference; lastKnownFileType = folder.assetcatalog; path = Assets.xcassets; sourceTree = "<group>"; };
		AA8D20EC22B1CE49005AAAC6 /* Base */ = {isa = PBXFileReference; lastKnownFileType = file.storyboard; name = Base; path = Base.lproj/LaunchScreen.storyboard; sourceTree = "<group>"; };
		AA8D20EE22B1CE49005AAAC6 /* Info.plist */ = {isa = PBXFileReference; lastKnownFileType = text.plist.xml; path = Info.plist; sourceTree = "<group>"; };
		AA8D20F322B1CE49005AAAC6 /* iosAppTests.xctest */ = {isa = PBXFileReference; explicitFileType = wrapper.cfbundle; includeInIndex = 0; path = iosAppTests.xctest; sourceTree = BUILT_PRODUCTS_DIR; };
		AA8D20F722B1CE49005AAAC6 /* iosAppTests.swift */ = {isa = PBXFileReference; lastKnownFileType = sourcecode.swift; path = iosAppTests.swift; sourceTree = "<group>"; };
		AA8D20F922B1CE49005AAAC6 /* Info.plist */ = {isa = PBXFileReference; lastKnownFileType = text.plist.xml; path = Info.plist; sourceTree = "<group>"; };
		AA8D20FE22B1CE49005AAAC6 /* iosAppUITests.xctest */ = {isa = PBXFileReference; explicitFileType = wrapper.cfbundle; includeInIndex = 0; path = iosAppUITests.xctest; sourceTree = BUILT_PRODUCTS_DIR; };
		AA8D210222B1CE49005AAAC6 /* iosAppUITests.swift */ = {isa = PBXFileReference; lastKnownFileType = sourcecode.swift; path = iosAppUITests.swift; sourceTree = "<group>"; };
		AA8D210422B1CE49005AAAC6 /* Info.plist */ = {isa = PBXFileReference; lastKnownFileType = text.plist.xml; path = Info.plist; sourceTree = "<group>"; };
		AA8D211022B1D243005AAAC6 /* SharedCode.framework */ = {isa = PBXFileReference; lastKnownFileType = wrapper.framework; name = SharedCode.framework; path = "../SharedCode/build/xcode-frameworks/SharedCode.framework"; sourceTree = "<group>"; };
/* End PBXFileReference section */

/* Begin PBXFrameworksBuildPhase section */
		AA8D20DC22B1CE48005AAAC6 /* Frameworks */ = {
			isa = PBXFrameworksBuildPhase;
			buildActionMask = 2147483647;
			files = (
				AA8D211122B1D243005AAAC6 /* SharedCode.framework in Frameworks */,
			);
			runOnlyForDeploymentPostprocessing = 0;
		};
		AA8D20F022B1CE49005AAAC6 /* Frameworks */ = {
			isa = PBXFrameworksBuildPhase;
			buildActionMask = 2147483647;
			files = (
			);
			runOnlyForDeploymentPostprocessing = 0;
		};
		AA8D20FB22B1CE49005AAAC6 /* Frameworks */ = {
			isa = PBXFrameworksBuildPhase;
			buildActionMask = 2147483647;
			files = (
			);
			runOnlyForDeploymentPostprocessing = 0;
		};
/* End PBXFrameworksBuildPhase section */

/* Begin PBXGroup section */
		AA8D20D622B1CE48005AAAC6 = {
			isa = PBXGroup;
			children = (
				AA8D211022B1D243005AAAC6 /* SharedCode.framework */,
				AA8D20E122B1CE48005AAAC6 /* iosApp */,
				AA8D20F622B1CE49005AAAC6 /* iosAppTests */,
				AA8D210122B1CE49005AAAC6 /* iosAppUITests */,
				AA8D20E022B1CE48005AAAC6 /* Products */,
			);
			sourceTree = "<group>";
		};
		AA8D20E022B1CE48005AAAC6 /* Products */ = {
			isa = PBXGroup;
			children = (
				AA8D20DF22B1CE48005AAAC6 /* iosApp.app */,
				AA8D20F322B1CE49005AAAC6 /* iosAppTests.xctest */,
				AA8D20FE22B1CE49005AAAC6 /* iosAppUITests.xctest */,
			);
			name = Products;
			sourceTree = "<group>";
		};
		AA8D20E122B1CE48005AAAC6 /* iosApp */ = {
			isa = PBXGroup;
			children = (
				AA8D20E222B1CE48005AAAC6 /* AppDelegate.swift */,
				AA8D20E422B1CE48005AAAC6 /* ViewController.swift */,
				AA8D20E622B1CE48005AAAC6 /* Main.storyboard */,
				AA8D20E922B1CE49005AAAC6 /* Assets.xcassets */,
				AA8D20EB22B1CE49005AAAC6 /* LaunchScreen.storyboard */,
				AA8D20EE22B1CE49005AAAC6 /* Info.plist */,
			);
			path = iosApp;
			sourceTree = "<group>";
		};
		AA8D20F622B1CE49005AAAC6 /* iosAppTests */ = {
			isa = PBXGroup;
			children = (
				AA8D20F722B1CE49005AAAC6 /* iosAppTests.swift */,
				AA8D20F922B1CE49005AAAC6 /* Info.plist */,
			);
			path = iosAppTests;
			sourceTree = "<group>";
		};
		AA8D210122B1CE49005AAAC6 /* iosAppUITests */ = {
			isa = PBXGroup;
			children = (
				AA8D210222B1CE49005AAAC6 /* iosAppUITests.swift */,
				AA8D210422B1CE49005AAAC6 /* Info.plist */,
			);
			path = iosAppUITests;
			sourceTree = "<group>";
		};
/* End PBXGroup section */

/* Begin PBXNativeTarget section */
		AA8D20DE22B1CE48005AAAC6 /* iosApp */ = {
			isa = PBXNativeTarget;
			buildConfigurationList = AA8D210722B1CE49005AAAC6 /* Build configuration list for PBXNativeTarget "iosApp" */;
			buildPhases = (
				AA8D211422B1D2D8005AAAC6 /* ShellScript */,
				AA8D20DB22B1CE48005AAAC6 /* Sources */,
				AA8D20DC22B1CE48005AAAC6 /* Frameworks */,
				AA8D20DD22B1CE48005AAAC6 /* Resources */,
				AA8D211322B1D243005AAAC6 /* Embed Frameworks */,
			);
			buildRules = (
			);
			dependencies = (
			);
			name = iosApp;
			productName = iosApp;
			productReference = AA8D20DF22B1CE48005AAAC6 /* iosApp.app */;
			productType = "com.apple.product-type.application";
		};
		AA8D20F222B1CE49005AAAC6 /* iosAppTests */ = {
			isa = PBXNativeTarget;
			buildConfigurationList = AA8D210A22B1CE49005AAAC6 /* Build configuration list for PBXNativeTarget "iosAppTests" */;
			buildPhases = (
				AA8D20EF22B1CE49005AAAC6 /* Sources */,
				AA8D20F022B1CE49005AAAC6 /* Frameworks */,
				AA8D20F122B1CE49005AAAC6 /* Resources */,
			);
			buildRules = (
			);
			dependencies = (
				AA8D20F522B1CE49005AAAC6 /* PBXTargetDependency */,
			);
			name = iosAppTests;
			productName = iosAppTests;
			productReference = AA8D20F322B1CE49005AAAC6 /* iosAppTests.xctest */;
			productType = "com.apple.product-type.bundle.unit-test";
		};
		AA8D20FD22B1CE49005AAAC6 /* iosAppUITests */ = {
			isa = PBXNativeTarget;
			buildConfigurationList = AA8D210D22B1CE49005AAAC6 /* Build configuration list for PBXNativeTarget "iosAppUITests" */;
			buildPhases = (
				AA8D20FA22B1CE49005AAAC6 /* Sources */,
				AA8D20FB22B1CE49005AAAC6 /* Frameworks */,
				AA8D20FC22B1CE49005AAAC6 /* Resources */,
			);
			buildRules = (
			);
			dependencies = (
				AA8D210022B1CE49005AAAC6 /* PBXTargetDependency */,
			);
			name = iosAppUITests;
			productName = iosAppUITests;
			productReference = AA8D20FE22B1CE49005AAAC6 /* iosAppUITests.xctest */;
			productType = "com.apple.product-type.bundle.ui-testing";
		};
/* End PBXNativeTarget section */

/* Begin PBXProject section */
		AA8D20D722B1CE48005AAAC6 /* Project object */ = {
			isa = PBXProject;
			attributes = {
				LastSwiftUpdateCheck = 1010;
				LastUpgradeCheck = 1010;
				ORGANIZATIONNAME = "Sean Zhou";
				TargetAttributes = {
					AA8D20DE22B1CE48005AAAC6 = {
						CreatedOnToolsVersion = 10.1;
					};
					AA8D20F222B1CE49005AAAC6 = {
						CreatedOnToolsVersion = 10.1;
						TestTargetID = AA8D20DE22B1CE48005AAAC6;
					};
					AA8D20FD22B1CE49005AAAC6 = {
						CreatedOnToolsVersion = 10.1;
						TestTargetID = AA8D20DE22B1CE48005AAAC6;
					};
				};
			};
			buildConfigurationList = AA8D20DA22B1CE48005AAAC6 /* Build configuration list for PBXProject "iosApp" */;
			compatibilityVersion = "Xcode 9.3";
			developmentRegion = en;
			hasScannedForEncodings = 0;
			knownRegions = (
				en,
				Base,
			);
			mainGroup = AA8D20D622B1CE48005AAAC6;
			productRefGroup = AA8D20E022B1CE48005AAAC6 /* Products */;
			projectDirPath = "";
			projectRoot = "";
			targets = (
				AA8D20DE22B1CE48005AAAC6 /* iosApp */,
				AA8D20F222B1CE49005AAAC6 /* iosAppTests */,
				AA8D20FD22B1CE49005AAAC6 /* iosAppUITests */,
			);
		};
/* End PBXProject section */

/* Begin PBXResourcesBuildPhase section */
		AA8D20DD22B1CE48005AAAC6 /* Resources */ = {
			isa = PBXResourcesBuildPhase;
			buildActionMask = 2147483647;
			files = (
				AA8D20ED22B1CE49005AAAC6 /* LaunchScreen.storyboard in Resources */,
				AA8D20EA22B1CE49005AAAC6 /* Assets.xcassets in Resources */,
				AA8D20E822B1CE48005AAAC6 /* Main.storyboard in Resources */,
			);
			runOnlyForDeploymentPostprocessing = 0;
		};
		AA8D20F122B1CE49005AAAC6 /* Resources */ = {
			isa = PBXResourcesBuildPhase;
			buildActionMask = 2147483647;
			files = (
			);
			runOnlyForDeploymentPostprocessing = 0;
		};
		AA8D20FC22B1CE49005AAAC6 /* Resources */ = {
			isa = PBXResourcesBuildPhase;
			buildActionMask = 2147483647;
			files = (
			);
			runOnlyForDeploymentPostprocessing = 0;
		};
/* End PBXResourcesBuildPhase section */

/* Begin PBXShellScriptBuildPhase section */
		AA8D211422B1D2D8005AAAC6 /* ShellScript */ = {
			isa = PBXShellScriptBuildPhase;
			buildActionMask = 2147483647;
			files = (
			);
			inputFileListPaths = (
			);
			inputPaths = (
			);
			outputFileListPaths = (
			);
			outputPaths = (
			);
			runOnlyForDeploymentPostprocessing = 0;
			shellPath = /bin/sh;
			shellScript = "# Type a script or drag a script file from your workspace to insert its path.\ncd \"$SRCROOT/../SharedCode/build/xcode-frameworks\"\n./gradlew :SharedCode:packForXCode -PXCODE_CONFIGURATION=${CONFIGURATION}\n";
		};
/* End PBXShellScriptBuildPhase section */

/* Begin PBXSourcesBuildPhase section */
		AA8D20DB22B1CE48005AAAC6 /* Sources */ = {
			isa = PBXSourcesBuildPhase;
			buildActionMask = 2147483647;
			files = (
				AA8D20E522B1CE48005AAAC6 /* ViewController.swift in Sources */,
				AA8D20E322B1CE48005AAAC6 /* AppDelegate.swift in Sources */,
			);
			runOnlyForDeploymentPostprocessing = 0;
		};
		AA8D20EF22B1CE49005AAAC6 /* Sources */ = {
			isa = PBXSourcesBuildPhase;
			buildActionMask = 2147483647;
			files = (
				AA8D20F822B1CE49005AAAC6 /* iosAppTests.swift in Sources */,
			);
			runOnlyForDeploymentPostprocessing = 0;
		};
		AA8D20FA22B1CE49005AAAC6 /* Sources */ = {
			isa = PBXSourcesBuildPhase;
			buildActionMask = 2147483647;
			files = (
				AA8D210322B1CE49005AAAC6 /* iosAppUITests.swift in Sources */,
			);
			runOnlyForDeploymentPostprocessing = 0;
		};
/* End PBXSourcesBuildPhase section */

/* Begin PBXTargetDependency section */
		AA8D20F522B1CE49005AAAC6 /* PBXTargetDependency */ = {
			isa = PBXTargetDependency;
			target = AA8D20DE22B1CE48005AAAC6 /* iosApp */;
			targetProxy = AA8D20F422B1CE49005AAAC6 /* PBXContainerItemProxy */;
		};
		AA8D210022B1CE49005AAAC6 /* PBXTargetDependency */ = {
			isa = PBXTargetDependency;
			target = AA8D20DE22B1CE48005AAAC6 /* iosApp */;
			targetProxy = AA8D20FF22B1CE49005AAAC6 /* PBXContainerItemProxy */;
		};
/* End PBXTargetDependency section */

/* Begin PBXVariantGroup section */
		AA8D20E622B1CE48005AAAC6 /* Main.storyboard */ = {
			isa = PBXVariantGroup;
			children = (
				AA8D20E722B1CE48005AAAC6 /* Base */,
			);
			name = Main.storyboard;
			sourceTree = "<group>";
		};
		AA8D20EB22B1CE49005AAAC6 /* LaunchScreen.storyboard */ = {
			isa = PBXVariantGroup;
			children = (
				AA8D20EC22B1CE49005AAAC6 /* Base */,
			);
			name = LaunchScreen.storyboard;
			sourceTree = "<group>";
		};
/* End PBXVariantGroup section */

/* Begin XCBuildConfiguration section */
		AA8D210522B1CE49005AAAC6 /* Debug */ = {
			isa = XCBuildConfiguration;
			buildSettings = {
				ALWAYS_SEARCH_USER_PATHS = NO;
				CLANG_ANALYZER_NONNULL = YES;
				CLANG_ANALYZER_NUMBER_OBJECT_CONVERSION = YES_AGGRESSIVE;
				CLANG_CXX_LANGUAGE_STANDARD = "gnu++14";
				CLANG_CXX_LIBRARY = "libc++";
				CLANG_ENABLE_MODULES = YES;
				CLANG_ENABLE_OBJC_ARC = YES;
				CLANG_ENABLE_OBJC_WEAK = YES;
				CLANG_WARN_BLOCK_CAPTURE_AUTORELEASING = YES;
				CLANG_WARN_BOOL_CONVERSION = YES;
				CLANG_WARN_COMMA = YES;
				CLANG_WARN_CONSTANT_CONVERSION = YES;
				CLANG_WARN_DEPRECATED_OBJC_IMPLEMENTATIONS = YES;
				CLANG_WARN_DIRECT_OBJC_ISA_USAGE = YES_ERROR;
				CLANG_WARN_DOCUMENTATION_COMMENTS = YES;
				CLANG_WARN_EMPTY_BODY = YES;
				CLANG_WARN_ENUM_CONVERSION = YES;
				CLANG_WARN_INFINITE_RECURSION = YES;
				CLANG_WARN_INT_CONVERSION = YES;
				CLANG_WARN_NON_LITERAL_NULL_CONVERSION = YES;
				CLANG_WARN_OBJC_IMPLICIT_RETAIN_SELF = YES;
				CLANG_WARN_OBJC_LITERAL_CONVERSION = YES;
				CLANG_WARN_OBJC_ROOT_CLASS = YES_ERROR;
				CLANG_WARN_RANGE_LOOP_ANALYSIS = YES;
				CLANG_WARN_STRICT_PROTOTYPES = YES;
				CLANG_WARN_SUSPICIOUS_MOVE = YES;
				CLANG_WARN_UNGUARDED_AVAILABILITY = YES_AGGRESSIVE;
				CLANG_WARN_UNREACHABLE_CODE = YES;
				CLANG_WARN__DUPLICATE_METHOD_MATCH = YES;
				CODE_SIGN_IDENTITY = "iPhone Developer";
				COPY_PHASE_STRIP = NO;
				DEBUG_INFORMATION_FORMAT = dwarf;
				ENABLE_STRICT_OBJC_MSGSEND = YES;
				ENABLE_TESTABILITY = YES;
				GCC_C_LANGUAGE_STANDARD = gnu11;
				GCC_DYNAMIC_NO_PIC = NO;
				GCC_NO_COMMON_BLOCKS = YES;
				GCC_OPTIMIZATION_LEVEL = 0;
				GCC_PREPROCESSOR_DEFINITIONS = (
					"DEBUG=1",
					"$(inherited)",
				);
				GCC_WARN_64_TO_32_BIT_CONVERSION = YES;
				GCC_WARN_ABOUT_RETURN_TYPE = YES_ERROR;
				GCC_WARN_UNDECLARED_SELECTOR = YES;
				GCC_WARN_UNINITIALIZED_AUTOS = YES_AGGRESSIVE;
				GCC_WARN_UNUSED_FUNCTION = YES;
				GCC_WARN_UNUSED_VARIABLE = YES;
				IPHONEOS_DEPLOYMENT_TARGET = 12.1;
				MTL_ENABLE_DEBUG_INFO = INCLUDE_SOURCE;
				MTL_FAST_MATH = YES;
				ONLY_ACTIVE_ARCH = YES;
				SDKROOT = iphoneos;
				SWIFT_ACTIVE_COMPILATION_CONDITIONS = DEBUG;
				SWIFT_OPTIMIZATION_LEVEL = "-Onone";
			};
			name = Debug;
		};
		AA8D210622B1CE49005AAAC6 /* Release */ = {
			isa = XCBuildConfiguration;
			buildSettings = {
				ALWAYS_SEARCH_USER_PATHS = NO;
				CLANG_ANALYZER_NONNULL = YES;
				CLANG_ANALYZER_NUMBER_OBJECT_CONVERSION = YES_AGGRESSIVE;
				CLANG_CXX_LANGUAGE_STANDARD = "gnu++14";
				CLANG_CXX_LIBRARY = "libc++";
				CLANG_ENABLE_MODULES = YES;
				CLANG_ENABLE_OBJC_ARC = YES;
				CLANG_ENABLE_OBJC_WEAK = YES;
				CLANG_WARN_BLOCK_CAPTURE_AUTORELEASING = YES;
				CLANG_WARN_BOOL_CONVERSION = YES;
				CLANG_WARN_COMMA = YES;
				CLANG_WARN_CONSTANT_CONVERSION = YES;
				CLANG_WARN_DEPRECATED_OBJC_IMPLEMENTATIONS = YES;
				CLANG_WARN_DIRECT_OBJC_ISA_USAGE = YES_ERROR;
				CLANG_WARN_DOCUMENTATION_COMMENTS = YES;
				CLANG_WARN_EMPTY_BODY = YES;
				CLANG_WARN_ENUM_CONVERSION = YES;
				CLANG_WARN_INFINITE_RECURSION = YES;
				CLANG_WARN_INT_CONVERSION = YES;
				CLANG_WARN_NON_LITERAL_NULL_CONVERSION = YES;
				CLANG_WARN_OBJC_IMPLICIT_RETAIN_SELF = YES;
				CLANG_WARN_OBJC_LITERAL_CONVERSION = YES;
				CLANG_WARN_OBJC_ROOT_CLASS = YES_ERROR;
				CLANG_WARN_RANGE_LOOP_ANALYSIS = YES;
				CLANG_WARN_STRICT_PROTOTYPES = YES;
				CLANG_WARN_SUSPICIOUS_MOVE = YES;
				CLANG_WARN_UNGUARDED_AVAILABILITY = YES_AGGRESSIVE;
				CLANG_WARN_UNREACHABLE_CODE = YES;
				CLANG_WARN__DUPLICATE_METHOD_MATCH = YES;
				CODE_SIGN_IDENTITY = "iPhone Developer";
				COPY_PHASE_STRIP = NO;
				DEBUG_INFORMATION_FORMAT = "dwarf-with-dsym";
				ENABLE_NS_ASSERTIONS = NO;
				ENABLE_STRICT_OBJC_MSGSEND = YES;
				GCC_C_LANGUAGE_STANDARD = gnu11;
				GCC_NO_COMMON_BLOCKS = YES;
				GCC_WARN_64_TO_32_BIT_CONVERSION = YES;
				GCC_WARN_ABOUT_RETURN_TYPE = YES_ERROR;
				GCC_WARN_UNDECLARED_SELECTOR = YES;
				GCC_WARN_UNINITIALIZED_AUTOS = YES_AGGRESSIVE;
				GCC_WARN_UNUSED_FUNCTION = YES;
				GCC_WARN_UNUSED_VARIABLE = YES;
				IPHONEOS_DEPLOYMENT_TARGET = 12.1;
				MTL_ENABLE_DEBUG_INFO = NO;
				MTL_FAST_MATH = YES;
				SDKROOT = iphoneos;
				SWIFT_COMPILATION_MODE = wholemodule;
				SWIFT_OPTIMIZATION_LEVEL = "-O";
				VALIDATE_PRODUCT = YES;
			};
			name = Release;
		};
		AA8D210822B1CE49005AAAC6 /* Debug */ = {
			isa = XCBuildConfiguration;
			buildSettings = {
				ASSETCATALOG_COMPILER_APPICON_NAME = AppIcon;
				CODE_SIGN_STYLE = Automatic;
				FRAMEWORK_SEARCH_PATHS = "$(SRCROOT)/../SharedCode/build/xcode-frameworks";
				INFOPLIST_FILE = iosApp/Info.plist;
				LD_RUNPATH_SEARCH_PATHS = (
					"$(inherited)",
					"@executable_path/Frameworks",
				);
				PRODUCT_BUNDLE_IDENTIFIER = raywroks.iosApp;
				PRODUCT_NAME = "$(TARGET_NAME)";
				SWIFT_VERSION = 4.2;
				TARGETED_DEVICE_FAMILY = "1,2";
			};
			name = Debug;
		};
		AA8D210922B1CE49005AAAC6 /* Release */ = {
			isa = XCBuildConfiguration;
			buildSettings = {
				ASSETCATALOG_COMPILER_APPICON_NAME = AppIcon;
				CODE_SIGN_STYLE = Automatic;
				FRAMEWORK_SEARCH_PATHS = "$(SRCROOT)/../SharedCode/build/xcode-frameworks";
				INFOPLIST_FILE = iosApp/Info.plist;
				LD_RUNPATH_SEARCH_PATHS = (
					"$(inherited)",
					"@executable_path/Frameworks",
				);
				PRODUCT_BUNDLE_IDENTIFIER = raywroks.iosApp;
				PRODUCT_NAME = "$(TARGET_NAME)";
				SWIFT_VERSION = 4.2;
				TARGETED_DEVICE_FAMILY = "1,2";
			};
			name = Release;
		};
		AA8D210B22B1CE49005AAAC6 /* Debug */ = {
			isa = XCBuildConfiguration;
			buildSettings = {
				ALWAYS_EMBED_SWIFT_STANDARD_LIBRARIES = YES;
				BUNDLE_LOADER = "$(TEST_HOST)";
				CODE_SIGN_STYLE = Automatic;
				INFOPLIST_FILE = iosAppTests/Info.plist;
				LD_RUNPATH_SEARCH_PATHS = (
					"$(inherited)",
					"@executable_path/Frameworks",
					"@loader_path/Frameworks",
				);
				PRODUCT_BUNDLE_IDENTIFIER = raywroks.iosAppTests;
				PRODUCT_NAME = "$(TARGET_NAME)";
				SWIFT_VERSION = 4.2;
				TARGETED_DEVICE_FAMILY = "1,2";
				TEST_HOST = "$(BUILT_PRODUCTS_DIR)/iosApp.app/iosApp";
			};
			name = Debug;
		};
		AA8D210C22B1CE49005AAAC6 /* Release */ = {
			isa = XCBuildConfiguration;
			buildSettings = {
				ALWAYS_EMBED_SWIFT_STANDARD_LIBRARIES = YES;
				BUNDLE_LOADER = "$(TEST_HOST)";
				CODE_SIGN_STYLE = Automatic;
				INFOPLIST_FILE = iosAppTests/Info.plist;
				LD_RUNPATH_SEARCH_PATHS = (
					"$(inherited)",
					"@executable_path/Frameworks",
					"@loader_path/Frameworks",
				);
				PRODUCT_BUNDLE_IDENTIFIER = raywroks.iosAppTests;
				PRODUCT_NAME = "$(TARGET_NAME)";
				SWIFT_VERSION = 4.2;
				TARGETED_DEVICE_FAMILY = "1,2";
				TEST_HOST = "$(BUILT_PRODUCTS_DIR)/iosApp.app/iosApp";
			};
			name = Release;
		};
		AA8D210E22B1CE49005AAAC6 /* Debug */ = {
			isa = XCBuildConfiguration;
			buildSettings = {
				ALWAYS_EMBED_SWIFT_STANDARD_LIBRARIES = YES;
				CODE_SIGN_STYLE = Automatic;
				INFOPLIST_FILE = iosAppUITests/Info.plist;
				LD_RUNPATH_SEARCH_PATHS = (
					"$(inherited)",
					"@executable_path/Frameworks",
					"@loader_path/Frameworks",
				);
				PRODUCT_BUNDLE_IDENTIFIER = raywroks.iosAppUITests;
				PRODUCT_NAME = "$(TARGET_NAME)";
				SWIFT_VERSION = 4.2;
				TARGETED_DEVICE_FAMILY = "1,2";
				TEST_TARGET_NAME = iosApp;
			};
			name = Debug;
		};
		AA8D210F22B1CE49005AAAC6 /* Release */ = {
			isa = XCBuildConfiguration;
			buildSettings = {
				ALWAYS_EMBED_SWIFT_STANDARD_LIBRARIES = YES;
				CODE_SIGN_STYLE = Automatic;
				INFOPLIST_FILE = iosAppUITests/Info.plist;
				LD_RUNPATH_SEARCH_PATHS = (
					"$(inherited)",
					"@executable_path/Frameworks",
					"@loader_path/Frameworks",
				);
				PRODUCT_BUNDLE_IDENTIFIER = raywroks.iosAppUITests;
				PRODUCT_NAME = "$(TARGET_NAME)";
				SWIFT_VERSION = 4.2;
				TARGETED_DEVICE_FAMILY = "1,2";
				TEST_TARGET_NAME = iosApp;
			};
			name = Release;
		};
/* End XCBuildConfiguration section */

/* Begin XCConfigurationList section */
		AA8D20DA22B1CE48005AAAC6 /* Build configuration list for PBXProject "iosApp" */ = {
			isa = XCConfigurationList;
			buildConfigurations = (
				AA8D210522B1CE49005AAAC6 /* Debug */,
				AA8D210622B1CE49005AAAC6 /* Release */,
			);
			defaultConfigurationIsVisible = 0;
			defaultConfigurationName = Release;
		};
		AA8D210722B1CE49005AAAC6 /* Build configuration list for PBXNativeTarget "iosApp" */ = {
			isa = XCConfigurationList;
			buildConfigurations = (
				AA8D210822B1CE49005AAAC6 /* Debug */,
				AA8D210922B1CE49005AAAC6 /* Release */,
			);
			defaultConfigurationIsVisible = 0;
			defaultConfigurationName = Release;
		};
		AA8D210A22B1CE49005AAAC6 /* Build configuration list for PBXNativeTarget "iosAppTests" */ = {
			isa = XCConfigurationList;
			buildConfigurations = (
				AA8D210B22B1CE49005AAAC6 /* Debug */,
				AA8D210C22B1CE49005AAAC6 /* Release */,
			);
			defaultConfigurationIsVisible = 0;
			defaultConfigurationName = Release;
		};
		AA8D210D22B1CE49005AAAC6 /* Build configuration list for PBXNativeTarget "iosAppUITests" */ = {
			isa = XCConfigurationList;
			buildConfigurations = (
				AA8D210E22B1CE49005AAAC6 /* Debug */,
				AA8D210F22B1CE49005AAAC6 /* Release */,
			);
			defaultConfigurationIsVisible = 0;
			defaultConfigurationName = Release;
		};
/* End XCConfigurationList section */
	};
	rootObject = AA8D20D722B1CE48005AAAC6 /* Project object */;
}
